
Microsoft Visual Studio Solution File, Format Version 12.00
# Visual Studio 15
VisualStudioVersion = 15.0.27428.2043
MinimumVisualStudioVersion = 10.0.40219.1
Project("{FAE04EC0-301F-11D3-BF4B-00C04F79EFBC}") = "ctokkt", "ctokkt\ctokkt.csproj", "{5EE1DAD9-FE09-4316-8FF6-393F92272B8B}"
EndProject
Global
	GlobalSection(SolutionConfigurationPlatforms) = preSolution
		Debug|Any CPU = Debug|Any CPU
		Release|Any CPU = Release|Any CPU
	EndGlobalSection
	GlobalSection(ProjectConfigurationPlatforms) = postSolution
		{5EE1DAD9-FE09-4316-8FF6-393F92272B8B}.Debug|Any CPU.ActiveCfg = Debug|Any CPU
		{5EE1DAD9-FE09-4316-8FF6-393F92272B8B}.Debug|Any CPU.Build.0 = Debug|Any CPU
		{5EE1DAD9-FE09-4316-8FF6-393F92272B8B}.Release|Any CPU.ActiveCfg = Release|Any CPU
		{5EE1DAD9-FE09-4316-8FF6-393F92272B8B}.Release|Any CPU.Build.0 = Release|Any CPU
	EndGlobalSection
	GlobalSection(SolutionProperties) = preSolution
		HideSolutionNode = FALSE
	EndGlobalSection
	GlobalSection(ExtensibilityGlobals) = postSolution
		SolutionGuid = {5A41254C-7434-4690-BE3D-E9116B8CF31D}
	EndGlobalSection
EndGlobal
